
Microsoft Visual Studio Solution File, Format Version 12.00
# Visual Studio Version 17
VisualStudioVersion = 17.0.31903.59
MinimumVisualStudioVersion = 10.0.40219.1
Project("{FAE04EC0-301F-11D3-BF4B-00C04F79EFBC}") = "ProjetoCalculadora", "ProjetoCalculadora\ProjetoCalculadora.csproj", "{CBD0DBA4-38A6-4D63-B0B4-553E5BDB29D3}"
EndProject
Project("{FAE04EC0-301F-11D3-BF4B-00C04F79EFBC}") = "ProjetoCalcuradoraTestes", "ProjetoCalcuradoraTestes\ProjetoCalcuradoraTestes.csproj", "{47C97636-B7FB-4F73-8C02-313D343DAFBF}"
EndProject
Global
	GlobalSection(SolutionConfigurationPlatforms) = preSolution
		Debug|Any CPU = Debug|Any CPU
		Release|Any CPU = Release|Any CPU
	EndGlobalSection
	GlobalSection(SolutionProperties) = preSolution
		HideSolutionNode = FALSE
	EndGlobalSection
	GlobalSection(ProjectConfigurationPlatforms) = postSolution
		{CBD0DBA4-38A6-4D63-B0B4-553E5BDB29D3}.Debug|Any CPU.ActiveCfg = Debug|Any CPU
		{CBD0DBA4-38A6-4D63-B0B4-553E5BDB29D3}.Debug|Any CPU.Build.0 = Debug|Any CPU
		{CBD0DBA4-38A6-4D63-B0B4-553E5BDB29D3}.Release|Any CPU.ActiveCfg = Release|Any CPU
		{CBD0DBA4-38A6-4D63-B0B4-553E5BDB29D3}.Release|Any CPU.Build.0 = Release|Any CPU
		{47C97636-B7FB-4F73-8C02-313D343DAFBF}.Debug|Any CPU.ActiveCfg = Debug|Any CPU
		{47C97636-B7FB-4F73-8C02-313D343DAFBF}.Debug|Any CPU.Build.0 = Debug|Any CPU
		{47C97636-B7FB-4F73-8C02-313D343DAFBF}.Release|Any CPU.ActiveCfg = Release|Any CPU
		{47C97636-B7FB-4F73-8C02-313D343DAFBF}.Release|Any CPU.Build.0 = Release|Any CPU
	EndGlobalSection
EndGlobal
